PODS:
  - AFNetworking (2.2.4):
    - AFNetworking/NSURLConnection
    - AFNetworking/NSURLSession
    - AFNetworking/Reachability
    - AFNetworking/Security
    - AFNetworking/Serialization
    - AFNetworking/UIKit
  - AFNetworking/NSURLConnection (2.2.4):
    - AFNetworking/Reachability
    - AFNetworking/Security
    - AFNetworking/Serialization
  - AFNetworking/NSURLSession (2.2.4):
    - AFNetworking/NSURLConnection
  - AFNetworking/Reachability (2.2.4)
  - AFNetworking/Security (2.2.4)
  - AFNetworking/Serialization (2.2.4)
  - AFNetworking/UIKit (2.2.4):
    - AFNetworking/NSURLConnection
    - AFNetworking/NSURLSession
  - DACircularProgress (2.2.0)
  - FMDB (2.3):
    - FMDB/standard
  - FMDB/common (2.3)
  - FMDB/standard (2.3):
    - FMDB/common
  - JDStatusBarNotification (1.4.8)
  - MBProgressHUD (0.8)
  - MWPhotoBrowser (1.4.0):
    - DACircularProgress
    - MBProgressHUD (~> 0.8)
    - PSTCollectionView (~> 1.2)
    - SDWebImage (~> 3.5.4)
  - pop (1.0.5)
  - PSTCollectionView (1.2.0)
  - SDWebImage (3.5.4):
    - SDWebImage/Core
  - SDWebImage/Core (3.5.4)
  - SVPullToRefresh (0.4.1)

DEPENDENCIES:
  - AFNetworking (~> 2.2.3)
  - FMDB (~> 2.1)
  - JDStatusBarNotification (~> 1.4.8)
  - MWPhotoBrowser (~> 1.4.0)
  - pop
  - SDWebImage (~> 3.5.4)
  - SVPullToRefresh (~> 0.4.1)

SPEC CHECKSUMS:
  AFNetworking: ab63e259fe91eef4519b371ef0a4955af0e73e64
  DACircularProgress: 3b41941891a56dc6aa17971f5322a9a38a6f446e
  FMDB: 31ec26773c7f7b7890a6038235a1f2bbd933a7cb
  JDStatusBarNotification: c68611370dedc0ef865fb0fc1768dfbaf8fd961f
  MBProgressHUD: c356980b0cd097f19acec959b49dca5eb8ec31be
  MWPhotoBrowser: 4efcdb9da34751f97992128a5356f3929d1af537
  pop: 75fa2b33934200a8a68abb449ac1726fcf7e43b9
  PSTCollectionView: e82c1a71ec6469f88490b674c0f66f0bbf1de001
  SDWebImage: 571295c8acbb699505a0f68e54506147c3de9ea7
  SVPullToRefresh: d5161ebc833a38b465364412e5e307ca80bbb190

COCOAPODS: 0.33.1
